
Microsoft Visual Studio Solution File, Format Version 12.00
# Visual Studio Version 17
VisualStudioVersion = 17.14.36804.6 d17.14
MinimumVisualStudioVersion = 10.0.40219.1
Project("{FAE04EC0-301F-11D3-BF4B-00C04F79EFBC}") = "lab8", "lab8\lab8.csproj", "{281095CD-AF26-4E13-886E-1271C2420634}"
EndProject
Global
	GlobalSection(SolutionConfigurationPlatforms) = preSolution
		Debug|Any CPU = Debug|Any CPU
		Release|Any CPU = Release|Any CPU
	EndGlobalSection
	GlobalSection(ProjectConfigurationPlatforms) = postSolution
		{281095CD-AF26-4E13-886E-1271C2420634}.Debug|Any CPU.ActiveCfg = Debug|Any CPU
		{281095CD-AF26-4E13-886E-1271C2420634}.Debug|Any CPU.Build.0 = Debug|Any CPU
		{281095CD-AF26-4E13-886E-1271C2420634}.Release|Any CPU.ActiveCfg = Release|Any CPU
		{281095CD-AF26-4E13-886E-1271C2420634}.Release|Any CPU.Build.0 = Release|Any CPU
	EndGlobalSection
	GlobalSection(SolutionProperties) = preSolution
		HideSolutionNode = FALSE
	EndGlobalSection
	GlobalSection(ExtensibilityGlobals) = postSolution
		SolutionGuid = {B5445A30-64B4-4BAE-BF99-FD9E7B2DEF49}
	EndGlobalSection
EndGlobal
